
Microsoft Visual Studio Solution File, Format Version 12.00
# Visual Studio Version 16
VisualStudioVersion = 16.0.30011.22
MinimumVisualStudioVersion = 15.0.26124.0
Project("{2150E333-8FDC-42A3-9474-1A3956D46DE8}") = "0.3.application", "0.3.application", "{1EE7B34B-F2E4-4822-9587-AF0C8107676F}"
EndProject
Project("{2150E333-8FDC-42A3-9474-1A3956D46DE8}") = "0.3.1.core", "0.3.1.core", "{F4523FC8-5A0F-4BBF-8CBC-CB78F0DA60A2}"
EndProject
Project("{2150E333-8FDC-42A3-9474-1A3956D46DE8}") = "0.1.documentation", "0.1.documentation", "{85E15B82-682E-49B3-99D6-18C1C0715A4B}"
EndProject
Project("{2150E333-8FDC-42A3-9474-1A3956D46DE8}") = "0.2.works", "0.2.works", "{DEB6DAE7-C16C-4F31-91A6-6534BCF4BE6E}"
EndProject
Project("{9A19103F-16F7-4668-BE54-9A1E7A4F7556}") = "Works", "..\..\works.framework\impl\src\works\Works.csproj", "{E2AC09E1-7685-4422-B1FB-A047A3D537D6}"
EndProject
Project("{9A19103F-16F7-4668-BE54-9A1E7A4F7556}") = "Works.AutoMapper", "..\..\works.framework\impl\src\tools.automapper\Works.AutoMapper.csproj", "{5CCA5AF8-5294-4862-B306-72555ACF0EC7}"
EndProject
Project("{9A19103F-16F7-4668-BE54-9A1E7A4F7556}") = "Works.Log4Net", "..\..\works.framework\impl\src\tools.log4net\Works.Log4Net.csproj", "{D26039AB-7E40-4254-977C-3162F52BF2C5}"
EndProject
Project("{9A19103F-16F7-4668-BE54-9A1E7A4F7556}") = "Works.DataAccess", "..\..\works.framework\impl\src\dataaccess\Works.DataAccess.csproj", "{595CA4FC-DEE7-4040-815D-FC5195878E3C}"
EndProject
Project("{9A19103F-16F7-4668-BE54-9A1E7A4F7556}") = "Works.NHibernate", "..\..\works.framework\impl\src\dataaccess.nhibernate\Works.NHibernate.csproj", "{B2C6364D-81A3-4D37-BDF0-0A4341166F63}"
EndProject
Project("{9A19103F-16F7-4668-BE54-9A1E7A4F7556}") = "Works.FluentNHibernate", "..\..\works.framework\impl\src\dataaccess.fluentnhibernate\Works.FluentNHibernate.csproj", "{A61E7518-468A-49A1-8A72-14B30215A5F1}"
EndProject
Project("{2150E333-8FDC-42A3-9474-1A3956D46DE8}") = "core", "core", "{9134C245-C96E-4145-A262-6A0F408EA74E}"
EndProject
Project("{2150E333-8FDC-42A3-9474-1A3956D46DE8}") = "tools", "tools", "{F437E271-AF91-4E6C-A097-EAA82B36512C}"
EndProject
Project("{2150E333-8FDC-42A3-9474-1A3956D46DE8}") = "dataaccess", "dataaccess", "{13345A7A-86A9-4B0A-AF68-9E82E95E907E}"
EndProject
Project("{2150E333-8FDC-42A3-9474-1A3956D46DE8}") = "0.3.2.domain", "0.3.2.domain", "{685C3C1D-8FE5-4DD7-9E1F-D15252993557}"
EndProject
Project("{9A19103F-16F7-4668-BE54-9A1E7A4F7556}") = "Works.Paradigma.Domain", "src\domain\Works.Paradigma.Domain.csproj", "{70A9212E-4EB1-4E20-9135-E585319FCE99}"
EndProject
Project("{2150E333-8FDC-42A3-9474-1A3956D46DE8}") = "0.3.3.dataaccess", "0.3.3.dataaccess", "{BB087BB0-13F5-47B5-B4DF-19B408B91D55}"
EndProject
Project("{9A19103F-16F7-4668-BE54-9A1E7A4F7556}") = "Works.Paradigma.DataAccess", "src\dataaccess\Works.Paradigma.DataAccess.csproj", "{07651117-838D-4686-90B4-222DE37F4EE2}"
EndProject
Project("{9A19103F-16F7-4668-BE54-9A1E7A4F7556}") = "Works.Reports", "..\..\works.framework\impl\src\tools.reports\Works.Reports.csproj", "{864D8731-9781-41B8-96F3-47AED1311925}"
EndProject
Project("{2150E333-8FDC-42A3-9474-1A3956D46DE8}") = "0.3.4.application", "0.3.4.application", "{52C29EA4-C1EE-4A97-A47D-61EFA3FC2FD5}"
EndProject
Project("{9A19103F-16F7-4668-BE54-9A1E7A4F7556}") = "Works.Paradigma.Application", "src\application\Works.Paradigma.Application.csproj", "{D8AE8DAD-D2A5-4534-ABAB-3CF34B053036}"
EndProject
Project("{2150E333-8FDC-42A3-9474-1A3956D46DE8}") = "0.3.5.ui.razor", "0.3.5.ui.razor", "{B164DB43-DED8-462B-AE0F-CD2A6CC4232A}"
EndProject
Project("{9A19103F-16F7-4668-BE54-9A1E7A4F7556}") = "Works.Ui.Blazor", "..\..\works.framework\impl\src\ui.blazor\Works.Ui.Blazor.csproj", "{B45FF3F8-EBF2-42D7-B975-6AC972DDD38E}"
EndProject
Project("{2150E333-8FDC-42A3-9474-1A3956D46DE8}") = "ui", "ui", "{4ED249C2-4007-4E76-9EA1-34F648D960B1}"
EndProject
Project("{2150E333-8FDC-42A3-9474-1A3956D46DE8}") = "web", "web", "{70ABEB6B-CE39-4031-B143-7EA011FAA74D}"
EndProject
Project("{9A19103F-16F7-4668-BE54-9A1E7A4F7556}") = "Works.Web.Common", "..\..\works.framework\impl\src\web.common\Works.Web.Common.csproj", "{D57F5223-8340-476E-A265-E9A4CE0AB1E7}"
EndProject
Project("{9A19103F-16F7-4668-BE54-9A1E7A4F7556}") = "Works.Shared", "..\..\works.framework\impl\src\works.shared\Works.Shared.csproj", "{58E29620-7576-4397-811D-1F8E5784643A}"
EndProject
Project("{9A19103F-16F7-4668-BE54-9A1E7A4F7556}") = "Works.Paradigma.Core", "src\core\Works.Paradigma.Core.csproj", "{0E50A0E0-25FF-4300-939C-5EF1EB57DAB8}"
EndProject
Project("{9A19103F-16F7-4668-BE54-9A1E7A4F7556}") = "Works.Paradigma.Ui.Razor", "src\ui.razor\Works.Paradigma.Ui.Razor.csproj", "{4D912B1B-5DCD-4649-8FE7-4F70B14356E7}"
EndProject
Project("{2150E333-8FDC-42A3-9474-1A3956D46DE8}") = "0.4.ui", "0.4.ui", "{1F68A757-4F88-4902-B3DC-5AB7BDD3BCCE}"
EndProject
Project("{9A19103F-16F7-4668-BE54-9A1E7A4F7556}") = "Works.Paradigma.App.Terminal", "src\samples\ui.terminal\Works.Paradigma.App.Terminal.csproj", "{D6A9A8A5-275E-4A04-A9F8-4FF1A643E2E2}"
EndProject
Project("{9A19103F-16F7-4668-BE54-9A1E7A4F7556}") = "Works.AspNetCore", "..\..\works.framework\impl\src\web.aspnetcore\Works.AspNetCore.csproj", "{0432B04B-E702-4E5A-A4C7-3F9BE5A17188}"
EndProject
Project("{9A19103F-16F7-4668-BE54-9A1E7A4F7556}") = "Works.Paradigma.App.Blazor", "src\ui.blazor\Works.Paradigma.App.Blazor.csproj", "{3180A1D4-D80F-4411-82A5-5B1263962FBC}"
EndProject
Global
	GlobalSection(SolutionConfigurationPlatforms) = preSolution
		Debug|Any CPU = Debug|Any CPU
		Release|Any CPU = Release|Any CPU
	EndGlobalSection
	GlobalSection(ProjectConfigurationPlatforms) = postSolution
		{E2AC09E1-7685-4422-B1FB-A047A3D537D6}.Debug|Any CPU.ActiveCfg = Debug|Any CPU
		{E2AC09E1-7685-4422-B1FB-A047A3D537D6}.Debug|Any CPU.Build.0 = Debug|Any CPU
		{E2AC09E1-7685-4422-B1FB-A047A3D537D6}.Release|Any CPU.ActiveCfg = Release|Any CPU
		{E2AC09E1-7685-4422-B1FB-A047A3D537D6}.Release|Any CPU.Build.0 = Release|Any CPU
		{5CCA5AF8-5294-4862-B306-72555ACF0EC7}.Debug|Any CPU.ActiveCfg = Debug|Any CPU
		{5CCA5AF8-5294-4862-B306-72555ACF0EC7}.Debug|Any CPU.Build.0 = Debug|Any CPU
		{5CCA5AF8-5294-4862-B306-72555ACF0EC7}.Release|Any CPU.ActiveCfg = Release|Any CPU
		{5CCA5AF8-5294-4862-B306-72555ACF0EC7}.Release|Any CPU.Build.0 = Release|Any CPU
		{D26039AB-7E40-4254-977C-3162F52BF2C5}.Debug|Any CPU.ActiveCfg = Debug|Any CPU
		{D26039AB-7E40-4254-977C-3162F52BF2C5}.Debug|Any CPU.Build.0 = Debug|Any CPU
		{D26039AB-7E40-4254-977C-3162F52BF2C5}.Release|Any CPU.ActiveCfg = Release|Any CPU
		{D26039AB-7E40-4254-977C-3162F52BF2C5}.Release|Any CPU.Build.0 = Release|Any CPU
		{595CA4FC-DEE7-4040-815D-FC5195878E3C}.Debug|Any CPU.ActiveCfg = Debug|Any CPU
		{595CA4FC-DEE7-4040-815D-FC5195878E3C}.Debug|Any CPU.Build.0 = Debug|Any CPU
		{595CA4FC-DEE7-4040-815D-FC5195878E3C}.Release|Any CPU.ActiveCfg = Release|Any CPU
		{595CA4FC-DEE7-4040-815D-FC5195878E3C}.Release|Any CPU.Build.0 = Release|Any CPU
		{B2C6364D-81A3-4D37-BDF0-0A4341166F63}.Debug|Any CPU.ActiveCfg = Debug|Any CPU
		{B2C6364D-81A3-4D37-BDF0-0A4341166F63}.Debug|Any CPU.Build.0 = Debug|Any CPU
		{B2C6364D-81A3-4D37-BDF0-0A4341166F63}.Release|Any CPU.ActiveCfg = Release|Any CPU
		{B2C6364D-81A3-4D37-BDF0-0A4341166F63}.Release|Any CPU.Build.0 = Release|Any CPU
		{A61E7518-468A-49A1-8A72-14B30215A5F1}.Debug|Any CPU.ActiveCfg = Debug|Any CPU
		{A61E7518-468A-49A1-8A72-14B30215A5F1}.Debug|Any CPU.Build.0 = Debug|Any CPU
		{A61E7518-468A-49A1-8A72-14B30215A5F1}.Release|Any CPU.ActiveCfg = Release|Any CPU
		{A61E7518-468A-49A1-8A72-14B30215A5F1}.Release|Any CPU.Build.0 = Release|Any CPU
		{70A9212E-4EB1-4E20-9135-E585319FCE99}.Debug|Any CPU.ActiveCfg = Debug|Any CPU
		{70A9212E-4EB1-4E20-9135-E585319FCE99}.Debug|Any CPU.Build.0 = Debug|Any CPU
		{70A9212E-4EB1-4E20-9135-E585319FCE99}.Release|Any CPU.ActiveCfg = Release|Any CPU
		{70A9212E-4EB1-4E20-9135-E585319FCE99}.Release|Any CPU.Build.0 = Release|Any CPU
		{07651117-838D-4686-90B4-222DE37F4EE2}.Debug|Any CPU.ActiveCfg = Debug|Any CPU
		{07651117-838D-4686-90B4-222DE37F4EE2}.Debug|Any CPU.Build.0 = Debug|Any CPU
		{07651117-838D-4686-90B4-222DE37F4EE2}.Release|Any CPU.ActiveCfg = Release|Any CPU
		{07651117-838D-4686-90B4-222DE37F4EE2}.Release|Any CPU.Build.0 = Release|Any CPU
		{864D8731-9781-41B8-96F3-47AED1311925}.Debug|Any CPU.ActiveCfg = Debug|Any CPU
		{864D8731-9781-41B8-96F3-47AED1311925}.Debug|Any CPU.Build.0 = Debug|Any CPU
		{864D8731-9781-41B8-96F3-47AED1311925}.Release|Any CPU.ActiveCfg = Release|Any CPU
		{864D8731-9781-41B8-96F3-47AED1311925}.Release|Any CPU.Build.0 = Release|Any CPU
		{D8AE8DAD-D2A5-4534-ABAB-3CF34B053036}.Debug|Any CPU.ActiveCfg = Debug|Any CPU
		{D8AE8DAD-D2A5-4534-ABAB-3CF34B053036}.Debug|Any CPU.Build.0 = Debug|Any CPU
		{D8AE8DAD-D2A5-4534-ABAB-3CF34B053036}.Release|Any CPU.ActiveCfg = Release|Any CPU
		{D8AE8DAD-D2A5-4534-ABAB-3CF34B053036}.Release|Any CPU.Build.0 = Release|Any CPU
		{B45FF3F8-EBF2-42D7-B975-6AC972DDD38E}.Debug|Any CPU.ActiveCfg = Debug|Any CPU
		{B45FF3F8-EBF2-42D7-B975-6AC972DDD38E}.Debug|Any CPU.Build.0 = Debug|Any CPU
		{B45FF3F8-EBF2-42D7-B975-6AC972DDD38E}.Release|Any CPU.ActiveCfg = Release|Any CPU
		{B45FF3F8-EBF2-42D7-B975-6AC972DDD38E}.Release|Any CPU.Build.0 = Release|Any CPU
		{D57F5223-8340-476E-A265-E9A4CE0AB1E7}.Debug|Any CPU.ActiveCfg = Debug|Any CPU
		{D57F5223-8340-476E-A265-E9A4CE0AB1E7}.Debug|Any CPU.Build.0 = Debug|Any CPU
		{D57F5223-8340-476E-A265-E9A4CE0AB1E7}.Release|Any CPU.ActiveCfg = Release|Any CPU
		{D57F5223-8340-476E-A265-E9A4CE0AB1E7}.Release|Any CPU.Build.0 = Release|Any CPU
		{58E29620-7576-4397-811D-1F8E5784643A}.Debug|Any CPU.ActiveCfg = Debug|Any CPU
		{58E29620-7576-4397-811D-1F8E5784643A}.Debug|Any CPU.Build.0 = Debug|Any CPU
		{58E29620-7576-4397-811D-1F8E5784643A}.Release|Any CPU.ActiveCfg = Release|Any CPU
		{58E29620-7576-4397-811D-1F8E5784643A}.Release|Any CPU.Build.0 = Release|Any CPU
		{0E50A0E0-25FF-4300-939C-5EF1EB57DAB8}.Debug|Any CPU.ActiveCfg = Debug|Any CPU
		{0E50A0E0-25FF-4300-939C-5EF1EB57DAB8}.Debug|Any CPU.Build.0 = Debug|Any CPU
		{0E50A0E0-25FF-4300-939C-5EF1EB57DAB8}.Release|Any CPU.ActiveCfg = Release|Any CPU
		{0E50A0E0-25FF-4300-939C-5EF1EB57DAB8}.Release|Any CPU.Build.0 = Release|Any CPU
		{4D912B1B-5DCD-4649-8FE7-4F70B14356E7}.Debug|Any CPU.ActiveCfg = Debug|Any CPU
		{4D912B1B-5DCD-4649-8FE7-4F70B14356E7}.Debug|Any CPU.Build.0 = Debug|Any CPU
		{4D912B1B-5DCD-4649-8FE7-4F70B14356E7}.Release|Any CPU.ActiveCfg = Release|Any CPU
		{4D912B1B-5DCD-4649-8FE7-4F70B14356E7}.Release|Any CPU.Build.0 = Release|Any CPU
		{D6A9A8A5-275E-4A04-A9F8-4FF1A643E2E2}.Debug|Any CPU.ActiveCfg = Debug|Any CPU
		{D6A9A8A5-275E-4A04-A9F8-4FF1A643E2E2}.Debug|Any CPU.Build.0 = Debug|Any CPU
		{D6A9A8A5-275E-4A04-A9F8-4FF1A643E2E2}.Release|Any CPU.ActiveCfg = Release|Any CPU
		{D6A9A8A5-275E-4A04-A9F8-4FF1A643E2E2}.Release|Any CPU.Build.0 = Release|Any CPU
		{0432B04B-E702-4E5A-A4C7-3F9BE5A17188}.Debug|Any CPU.ActiveCfg = Debug|Any CPU
		{0432B04B-E702-4E5A-A4C7-3F9BE5A17188}.Debug|Any CPU.Build.0 = Debug|Any CPU
		{0432B04B-E702-4E5A-A4C7-3F9BE5A17188}.Release|Any CPU.ActiveCfg = Release|Any CPU
		{0432B04B-E702-4E5A-A4C7-3F9BE5A17188}.Release|Any CPU.Build.0 = Release|Any CPU
		{3180A1D4-D80F-4411-82A5-5B1263962FBC}.Debug|Any CPU.ActiveCfg = Debug|Any CPU
		{3180A1D4-D80F-4411-82A5-5B1263962FBC}.Debug|Any CPU.Build.0 = Debug|Any CPU
		{3180A1D4-D80F-4411-82A5-5B1263962FBC}.Release|Any CPU.ActiveCfg = Release|Any CPU
		{3180A1D4-D80F-4411-82A5-5B1263962FBC}.Release|Any CPU.Build.0 = Release|Any CPU
	EndGlobalSection
	GlobalSection(SolutionProperties) = preSolution
		HideSolutionNode = FALSE
	EndGlobalSection
	GlobalSection(NestedProjects) = preSolution
		{F4523FC8-5A0F-4BBF-8CBC-CB78F0DA60A2} = {1EE7B34B-F2E4-4822-9587-AF0C8107676F}
		{E2AC09E1-7685-4422-B1FB-A047A3D537D6} = {9134C245-C96E-4145-A262-6A0F408EA74E}
		{5CCA5AF8-5294-4862-B306-72555ACF0EC7} = {F437E271-AF91-4E6C-A097-EAA82B36512C}
		{D26039AB-7E40-4254-977C-3162F52BF2C5} = {F437E271-AF91-4E6C-A097-EAA82B36512C}
		{595CA4FC-DEE7-4040-815D-FC5195878E3C} = {13345A7A-86A9-4B0A-AF68-9E82E95E907E}
		{B2C6364D-81A3-4D37-BDF0-0A4341166F63} = {13345A7A-86A9-4B0A-AF68-9E82E95E907E}
		{A61E7518-468A-49A1-8A72-14B30215A5F1} = {13345A7A-86A9-4B0A-AF68-9E82E95E907E}
		{9134C245-C96E-4145-A262-6A0F408EA74E} = {DEB6DAE7-C16C-4F31-91A6-6534BCF4BE6E}
		{F437E271-AF91-4E6C-A097-EAA82B36512C} = {DEB6DAE7-C16C-4F31-91A6-6534BCF4BE6E}
		{13345A7A-86A9-4B0A-AF68-9E82E95E907E} = {DEB6DAE7-C16C-4F31-91A6-6534BCF4BE6E}
		{685C3C1D-8FE5-4DD7-9E1F-D15252993557} = {1EE7B34B-F2E4-4822-9587-AF0C8107676F}
		{70A9212E-4EB1-4E20-9135-E585319FCE99} = {685C3C1D-8FE5-4DD7-9E1F-D15252993557}
		{BB087BB0-13F5-47B5-B4DF-19B408B91D55} = {1EE7B34B-F2E4-4822-9587-AF0C8107676F}
		{07651117-838D-4686-90B4-222DE37F4EE2} = {BB087BB0-13F5-47B5-B4DF-19B408B91D55}
		{864D8731-9781-41B8-96F3-47AED1311925} = {F437E271-AF91-4E6C-A097-EAA82B36512C}
		{52C29EA4-C1EE-4A97-A47D-61EFA3FC2FD5} = {1EE7B34B-F2E4-4822-9587-AF0C8107676F}
		{D8AE8DAD-D2A5-4534-ABAB-3CF34B053036} = {52C29EA4-C1EE-4A97-A47D-61EFA3FC2FD5}
		{B164DB43-DED8-462B-AE0F-CD2A6CC4232A} = {1EE7B34B-F2E4-4822-9587-AF0C8107676F}
		{B45FF3F8-EBF2-42D7-B975-6AC972DDD38E} = {4ED249C2-4007-4E76-9EA1-34F648D960B1}
		{4ED249C2-4007-4E76-9EA1-34F648D960B1} = {DEB6DAE7-C16C-4F31-91A6-6534BCF4BE6E}
		{70ABEB6B-CE39-4031-B143-7EA011FAA74D} = {DEB6DAE7-C16C-4F31-91A6-6534BCF4BE6E}
		{D57F5223-8340-476E-A265-E9A4CE0AB1E7} = {70ABEB6B-CE39-4031-B143-7EA011FAA74D}
		{58E29620-7576-4397-811D-1F8E5784643A} = {9134C245-C96E-4145-A262-6A0F408EA74E}
		{0E50A0E0-25FF-4300-939C-5EF1EB57DAB8} = {F4523FC8-5A0F-4BBF-8CBC-CB78F0DA60A2}
		{4D912B1B-5DCD-4649-8FE7-4F70B14356E7} = {B164DB43-DED8-462B-AE0F-CD2A6CC4232A}
		{D6A9A8A5-275E-4A04-A9F8-4FF1A643E2E2} = {1F68A757-4F88-4902-B3DC-5AB7BDD3BCCE}
		{0432B04B-E702-4E5A-A4C7-3F9BE5A17188} = {70ABEB6B-CE39-4031-B143-7EA011FAA74D}
		{3180A1D4-D80F-4411-82A5-5B1263962FBC} = {1F68A757-4F88-4902-B3DC-5AB7BDD3BCCE}
	EndGlobalSection
	GlobalSection(ExtensibilityGlobals) = postSolution
		SolutionGuid = {3127A958-7E3D-42DA-97D0-4F752756394D}
	EndGlobalSection
EndGlobal
